
Microsoft Visual Studio Solution File, Format Version 12.00
# Visual Studio Version 16
VisualStudioVersion = 16.0.30717.126
MinimumVisualStudioVersion = 10.0.40219.1
Project("{FAE04EC0-301F-11D3-BF4B-00C04F79EFBC}") = "WebApplication1", "WebApplication1.csproj", "{89D732B7-23A9-4A4F-AAFE-143C681B996A}"
EndProject
Global
	GlobalSection(SolutionConfigurationPlatforms) = preSolution
		Debug|Any CPU = Debug|Any CPU
		Release|Any CPU = Release|Any CPU
	EndGlobalSection
	GlobalSection(ProjectConfigurationPlatforms) = postSolution
		{89D732B7-23A9-4A4F-AAFE-143C681B996A}.Debug|Any CPU.ActiveCfg = Debug|Any CPU
		{89D732B7-23A9-4A4F-AAFE-143C681B996A}.Debug|Any CPU.Build.0 = Debug|Any CPU
		{89D732B7-23A9-4A4F-AAFE-143C681B996A}.Release|Any CPU.ActiveCfg = Release|Any CPU
		{89D732B7-23A9-4A4F-AAFE-143C681B996A}.Release|Any CPU.Build.0 = Release|Any CPU
	EndGlobalSection
	GlobalSection(SolutionProperties) = preSolution
		HideSolutionNode = FALSE
	EndGlobalSection
	GlobalSection(ExtensibilityGlobals) = postSolution
		SolutionGuid = {C38E9F42-636B-4E6C-B9FC-01E28C7B94B7}
	EndGlobalSection
EndGlobal
